// !$*UTF8*$!
{
	archiveVersion = 1;
	classes = {
	};
	objectVersion = 46;
	objects = {

/* Begin PBXBuildFile section */
		12B7FC991F22FB7E0094D464 /* main.m in Sources */ = {isa = PBXBuildFile; fileRef = 12B7FC981F22FB7E0094D464 /* main.m */; };
		12B7FC9C1F22FB7E0094D464 /* AppDelegate.m in Sources */ = {isa = PBXBuildFile; fileRef = 12B7FC9B1F22FB7E0094D464 /* AppDelegate.m */; };
		12B7FC9F1F22FB7E0094D464 /* ViewController.m in Sources */ = {isa = PBXBuildFile; fileRef = 12B7FC9E1F22FB7E0094D464 /* ViewController.m */; };
		12B7FCA21F22FB7E0094D464 /* Main.storyboard in Resources */ = {isa = PBXBuildFile; fileRef = 12B7FCA01F22FB7E0094D464 /* Main.storyboard */; };
		12B7FCA41F22FB7E0094D464 /* Assets.xcassets in Resources */ = {isa = PBXBuildFile; fileRef = 12B7FCA31F22FB7E0094D464 /* Assets.xcassets */; };
		12B7FCA71F22FB7E0094D464 /* LaunchScreen.storyboard in Resources */ = {isa = PBXBuildFile; fileRef = 12B7FCA51F22FB7E0094D464 /* LaunchScreen.storyboard */; };
		12B7FCB01F22FBF20094D464 /* LoadingEffect.xcassets in Resources */ = {isa = PBXBuildFile; fileRef = 12B7FCAF1F22FBF20094D464 /* LoadingEffect.xcassets */; };
		12B7FCBA1F2301220094D464 /* LoadingEffectView.m in Sources */ = {isa = PBXBuildFile; fileRef = 12B7FCB91F2301220094D464 /* LoadingEffectView.m */; };
		BA65D2F828063D355901FB39 /* libPods-UIViewLoadingEffect.a in Frameworks */ = {isa = PBXBuildFile; fileRef = 790FCE868759A27C6A970CBC /* libPods-UIViewLoadingEffect.a */; };
/* End PBXBuildFile section */

/* Begin PBXFileReference section */
		12B7FC941F22FB7E0094D464 /* UIViewLoadingEffect.app */ = {isa = PBXFileReference; explicitFileType = wrapper.application; includeInIndex = 0; path = UIViewLoadingEffect.app; sourceTree = BUILT_PRODUCTS_DIR; };
		12B7FC981F22FB7E0094D464 /* main.m */ = {isa = PBXFileReference; lastKnownFileType = sourcecode.c.objc; path = main.m; sourceTree = "<group>"; };
		12B7FC9A1F22FB7E0094D464 /* AppDelegate.h */ = {isa = PBXFileReference; lastKnownFileType = sourcecode.c.h; path = AppDelegate.h; sourceTree = "<group>"; };
		12B7FC9B1F22FB7E0094D464 /* AppDelegate.m */ = {isa = PBXFileReference; lastKnownFileType = sourcecode.c.objc; path = AppDelegate.m; sourceTree = "<group>"; };
		12B7FC9D1F22FB7E0094D464 /* ViewController.h */ = {isa = PBXFileReference; lastKnownFileType = sourcecode.c.h; path = ViewController.h; sourceTree = "<group>"; };
		12B7FC9E1F22FB7E0094D464 /* ViewController.m */ = {isa = PBXFileReference; lastKnownFileType = sourcecode.c.objc; path = ViewController.m; sourceTree = "<group>"; };
		12B7FCA11F22FB7E0094D464 /* Base */ = {isa = PBXFileReference; lastKnownFileType = file.storyboard; name = Base; path = Base.lproj/Main.storyboard; sourceTree = "<group>"; };
		12B7FCA31F22FB7E0094D464 /* Assets.xcassets */ = {isa = PBXFileReference; lastKnownFileType = folder.assetcatalog; path = Assets.xcassets; sourceTree = "<group>"; };
		12B7FCA61F22FB7E0094D464 /* Base */ = {isa = PBXFileReference; lastKnownFileType = file.storyboard; name = Base; path = Base.lproj/LaunchScreen.storyboard; sourceTree = "<group>"; };
		12B7FCA81F22FB7E0094D464 /* Info.plist */ = {isa = PBXFileReference; lastKnownFileType = text.plist.xml; path = Info.plist; sourceTree = "<group>"; };
		12B7FCAF1F22FBF20094D464 /* LoadingEffect.xcassets */ = {isa = PBXFileReference; lastKnownFileType = folder.assetcatalog; path = LoadingEffect.xcassets; sourceTree = "<group>"; };
		12B7FCB81F2301220094D464 /* LoadingEffectView.h */ = {isa = PBXFileReference; fileEncoding = 4; lastKnownFileType = sourcecode.c.h; path = LoadingEffectView.h; sourceTree = "<group>"; };
		12B7FCB91F2301220094D464 /* LoadingEffectView.m */ = {isa = PBXFileReference; fileEncoding = 4; lastKnownFileType = sourcecode.c.objc; path = LoadingEffectView.m; sourceTree = "<group>"; };
		12B7FCBC1F2346B80094D464 /* dimensions.h */ = {isa = PBXFileReference; lastKnownFileType = sourcecode.c.h; path = dimensions.h; sourceTree = "<group>"; };
		790FCE868759A27C6A970CBC /* libPods-UIViewLoadingEffect.a */ = {isa = PBXFileReference; explicitFileType = archive.ar; includeInIndex = 0; path = "libPods-UIViewLoadingEffect.a"; sourceTree = BUILT_PRODUCTS_DIR; };
		7FE13ADFFB0959122FA7DD75 /* Pods-UIViewLoadingEffect.release.xcconfig */ = {isa = PBXFileReference; includeInIndex = 1; lastKnownFileType = text.xcconfig; name = "Pods-UIViewLoadingEffect.release.xcconfig"; path = "Pods/Target Support Files/Pods-UIViewLoadingEffect/Pods-UIViewLoadingEffect.release.xcconfig"; sourceTree = "<group>"; };
		CDF3F6A1A9605C3F118FB03C /* Pods-UIViewLoadingEffect.debug.xcconfig */ = {isa = PBXFileReference; includeInIndex = 1; lastKnownFileType = text.xcconfig; name = "Pods-UIViewLoadingEffect.debug.xcconfig"; path = "Pods/Target Support Files/Pods-UIViewLoadingEffect/Pods-UIViewLoadingEffect.debug.xcconfig"; sourceTree = "<group>"; };
/* End PBXFileReference section */

/* Begin PBXFrameworksBuildPhase section */
		12B7FC911F22FB7E0094D464 /* Frameworks */ = {
			isa = PBXFrameworksBuildPhase;
			buildActionMask = 2147483647;
			files = (
				BA65D2F828063D355901FB39 /* libPods-UIViewLoadingEffect.a in Frameworks */,
			);
			runOnlyForDeploymentPostprocessing = 0;
		};
/* End PBXFrameworksBuildPhase section */

/* Begin PBXGroup section */
		0582B4FB45A23AF730E4A206 /* Pods */ = {
			isa = PBXGroup;
			children = (
				CDF3F6A1A9605C3F118FB03C /* Pods-UIViewLoadingEffect.debug.xcconfig */,
				7FE13ADFFB0959122FA7DD75 /* Pods-UIViewLoadingEffect.release.xcconfig */,
			);
			name = Pods;
			sourceTree = "<group>";
		};
		12B7FC8B1F22FB7E0094D464 = {
			isa = PBXGroup;
			children = (
				12B7FC961F22FB7E0094D464 /* UIViewLoadingEffect */,
				12B7FC951F22FB7E0094D464 /* Products */,
				0582B4FB45A23AF730E4A206 /* Pods */,
				59D116F512818CCB41A2D36D /* Frameworks */,
			);
			sourceTree = "<group>";
		};
		12B7FC951F22FB7E0094D464 /* Products */ = {
			isa = PBXGroup;
			children = (
				12B7FC941F22FB7E0094D464 /* UIViewLoadingEffect.app */,
			);
			name = Products;
			sourceTree = "<group>";
		};
		12B7FC961F22FB7E0094D464 /* UIViewLoadingEffect */ = {
			isa = PBXGroup;
			children = (
				12B7FCAE1F22FBAE0094D464 /* UIView+LoadingEffect */,
				12B7FC9A1F22FB7E0094D464 /* AppDelegate.h */,
				12B7FC9B1F22FB7E0094D464 /* AppDelegate.m */,
				12B7FC9D1F22FB7E0094D464 /* ViewController.h */,
				12B7FCBC1F2346B80094D464 /* dimensions.h */,
				12B7FC9E1F22FB7E0094D464 /* ViewController.m */,
				12B7FCA01F22FB7E0094D464 /* Main.storyboard */,
				12B7FCA31F22FB7E0094D464 /* Assets.xcassets */,
				12B7FCA51F22FB7E0094D464 /* LaunchScreen.storyboard */,
				12B7FCA81F22FB7E0094D464 /* Info.plist */,
				12B7FC971F22FB7E0094D464 /* Supporting Files */,
			);
			path = UIViewLoadingEffect;
			sourceTree = "<group>";
		};
		12B7FC971F22FB7E0094D464 /* Supporting Files */ = {
			isa = PBXGroup;
			children = (
				12B7FC981F22FB7E0094D464 /* main.m */,
			);
			name = "Supporting Files";
			sourceTree = "<group>";
		};
		12B7FCAE1F22FBAE0094D464 /* UIView+LoadingEffect */ = {
			isa = PBXGroup;
			children = (
				12B7FCAF1F22FBF20094D464 /* LoadingEffect.xcassets */,
				12B7FCB81F2301220094D464 /* LoadingEffectView.h */,
				12B7FCB91F2301220094D464 /* LoadingEffectView.m */,
			);
			name = "UIView+LoadingEffect";
			sourceTree = "<group>";
		};
		59D116F512818CCB41A2D36D /* Frameworks */ = {
			isa = PBXGroup;
			children = (
				790FCE868759A27C6A970CBC /* libPods-UIViewLoadingEffect.a */,
			);
			name = Frameworks;
			sourceTree = "<group>";
		};
/* End PBXGroup section */

/* Begin PBXNativeTarget section */
		12B7FC931F22FB7E0094D464 /* UIViewLoadingEffect */ = {
			isa = PBXNativeTarget;
			buildConfigurationList = 12B7FCAB1F22FB7E0094D464 /* Build configuration list for PBXNativeTarget "UIViewLoadingEffect" */;
			buildPhases = (
				12CB73E243A7A7C5A868AFEF /* [CP] Check Pods Manifest.lock */,
				12B7FC901F22FB7E0094D464 /* Sources */,
				12B7FC911F22FB7E0094D464 /* Frameworks */,
				12B7FC921F22FB7E0094D464 /* Resources */,
				4C551F40BAC6C37EAF98C336 /* [CP] Embed Pods Frameworks */,
				42E6F579050740ADC4521D6C /* [CP] Copy Pods Resources */,
			);
			buildRules = (
			);
			dependencies = (
			);
			name = UIViewLoadingEffect;
			productName = UIViewLoadingEffect;
			productReference = 12B7FC941F22FB7E0094D464 /* UIViewLoadingEffect.app */;
			productType = "com.apple.product-type.application";
		};
/* End PBXNativeTarget section */

/* Begin PBXProject section */
		12B7FC8C1F22FB7E0094D464 /* Project object */ = {
			isa = PBXProject;
			attributes = {
				LastUpgradeCheck = 0830;
				ORGANIZATIONNAME = qq;
				TargetAttributes = {
					12B7FC931F22FB7E0094D464 = {
						CreatedOnToolsVersion = 8.3.3;
						DevelopmentTeam = 5SU5K229BA;
						ProvisioningStyle = Automatic;
					};
				};
			};
			buildConfigurationList = 12B7FC8F1F22FB7E0094D464 /* Build configuration list for PBXProject "UIViewLoadingEffect" */;
			compatibilityVersion = "Xcode 3.2";
			developmentRegion = English;
			hasScannedForEncodings = 0;
			knownRegions = (
				en,
				Base,
			);
			mainGroup = 12B7FC8B1F22FB7E0094D464;
			productRefGroup = 12B7FC951F22FB7E0094D464 /* Products */;
			projectDirPath = "";
			projectRoot = "";
			targets = (
				12B7FC931F22FB7E0094D464 /* UIViewLoadingEffect */,
			);
		};
/* End PBXProject section */

/* Begin PBXResourcesBuildPhase section */
		12B7FC921F22FB7E0094D464 /* Resources */ = {
			isa = PBXResourcesBuildPhase;
			buildActionMask = 2147483647;
			files = (
				12B7FCB01F22FBF20094D464 /* LoadingEffect.xcassets in Resources */,
				12B7FCA71F22FB7E0094D464 /* LaunchScreen.storyboard in Resources */,
				12B7FCA41F22FB7E0094D464 /* Assets.xcassets in Resources */,
				12B7FCA21F22FB7E0094D464 /* Main.storyboard in Resources */,
			);
			runOnlyForDeploymentPostprocessing = 0;
		};
/* End PBXResourcesBuildPhase section */

/* Begin PBXShellScriptBuildPhase section */
		12CB73E243A7A7C5A868AFEF /* [CP] Check Pods Manifest.lock */ = {
			isa = PBXShellScriptBuildPhase;
			buildActionMask = 2147483647;
			files = (
			);
			inputPaths = (
			);
			name = "[CP] Check Pods Manifest.lock";
			outputPaths = (
			);
			runOnlyForDeploymentPostprocessing = 0;
			shellPath = /bin/sh;
			shellScript = "diff \"${PODS_ROOT}/../Podfile.lock\" \"${PODS_ROOT}/Manifest.lock\" > /dev/null\nif [ $? != 0 ] ; then\n    # print error to STDERR\n    echo \"error: The sandbox is not in sync with the Podfile.lock. Run 'pod install' or update your CocoaPods installation.\" >&2\n    exit 1\nfi\n";
			showEnvVarsInLog = 0;
		};
		42E6F579050740ADC4521D6C /* [CP] Copy Pods Resources */ = {
			isa = PBXShellScriptBuildPhase;
			buildActionMask = 2147483647;
			files = (
			);
			inputPaths = (
			);
			name = "[CP] Copy Pods Resources";
			outputPaths = (
			);
			runOnlyForDeploymentPostprocessing = 0;
			shellPath = /bin/sh;
			shellScript = "\"${SRCROOT}/Pods/Target Support Files/Pods-UIViewLoadingEffect/Pods-UIViewLoadingEffect-resources.sh\"\n";
			showEnvVarsInLog = 0;
		};
		4C551F40BAC6C37EAF98C336 /* [CP] Embed Pods Frameworks */ = {
			isa = PBXShellScriptBuildPhase;
			buildActionMask = 2147483647;
			files = (
			);
			inputPaths = (
			);
			name = "[CP] Embed Pods Frameworks";
			outputPaths = (
			);
			runOnlyForDeploymentPostprocessing = 0;
			shellPath = /bin/sh;
			shellScript = "\"${SRCROOT}/Pods/Target Support Files/Pods-UIViewLoadingEffect/Pods-UIViewLoadingEffect-frameworks.sh\"\n";
			showEnvVarsInLog = 0;
		};
/* End PBXShellScriptBuildPhase section */

/* Begin PBXSourcesBuildPhase section */
		12B7FC901F22FB7E0094D464 /* Sources */ = {
			isa = PBXSourcesBuildPhase;
			buildActionMask = 2147483647;
			files = (
				12B7FCBA1F2301220094D464 /* LoadingEffectView.m in Sources */,
				12B7FC9F1F22FB7E0094D464 /* ViewController.m in Sources */,
				12B7FC9C1F22FB7E0094D464 /* AppDelegate.m in Sources */,
				12B7FC991F22FB7E0094D464 /* main.m in Sources */,
			);
			runOnlyForDeploymentPostprocessing = 0;
		};
/* End PBXSourcesBuildPhase section */

/* Begin PBXVariantGroup section */
		12B7FCA01F22FB7E0094D464 /* Main.storyboard */ = {
			isa = PBXVariantGroup;
			children = (
				12B7FCA11F22FB7E0094D464 /* Base */,
			);
			name = Main.storyboard;
			sourceTree = "<group>";
		};
		12B7FCA51F22FB7E0094D464 /* LaunchScreen.storyboard */ = {
			isa = PBXVariantGroup;
			children = (
				12B7FCA61F22FB7E0094D464 /* Base */,
			);
			name = LaunchScreen.storyboard;
			sourceTree = "<group>";
		};
/* End PBXVariantGroup section */

/* Begin XCBuildConfiguration section */
		12B7FCA91F22FB7E0094D464 /* Debug */ = {
			isa = XCBuildConfiguration;
			buildSettings = {
				ALWAYS_SEARCH_USER_PATHS = NO;
				CLANG_ANALYZER_NONNULL = YES;
				CLANG_ANALYZER_NUMBER_OBJECT_CONVERSION = YES_AGGRESSIVE;
				CLANG_CXX_LANGUAGE_STANDARD = "gnu++0x";
				CLANG_CXX_LIBRARY = "libc++";
				CLANG_ENABLE_MODULES = YES;
				CLANG_ENABLE_OBJC_ARC = YES;
				CLANG_WARN_BOOL_CONVERSION = YES;
				CLANG_WARN_CONSTANT_CONVERSION = YES;
				CLANG_WARN_DIRECT_OBJC_ISA_USAGE = YES_ERROR;
				CLANG_WARN_DOCUMENTATION_COMMENTS = YES;
				CLANG_WARN_EMPTY_BODY = YES;
				CLANG_WARN_ENUM_CONVERSION = YES;
				CLANG_WARN_INFINITE_RECURSION = YES;
				CLANG_WARN_INT_CONVERSION = YES;
				CLANG_WARN_OBJC_ROOT_CLASS = YES_ERROR;
				CLANG_WARN_SUSPICIOUS_MOVE = YES;
				CLANG_WARN_UNREACHABLE_CODE = YES;
				CLANG_WARN__DUPLICATE_METHOD_MATCH = YES;
				"CODE_SIGN_IDENTITY[sdk=iphoneos*]" = "iPhone Developer";
				COPY_PHASE_STRIP = NO;
				DEBUG_INFORMATION_FORMAT = dwarf;
				ENABLE_STRICT_OBJC_MSGSEND = YES;
				ENABLE_TESTABILITY = YES;
				GCC_C_LANGUAGE_STANDARD = gnu99;
				GCC_DYNAMIC_NO_PIC = NO;
				GCC_NO_COMMON_BLOCKS = YES;
				GCC_OPTIMIZATION_LEVEL = 0;
				GCC_PREPROCESSOR_DEFINITIONS = (
					"DEBUG=1",
					"$(inherited)",
				);
				GCC_WARN_64_TO_32_BIT_CONVERSION = YES;
				GCC_WARN_ABOUT_RETURN_TYPE = YES_ERROR;
				GCC_WARN_UNDECLARED_SELECTOR = YES;
				GCC_WARN_UNINITIALIZED_AUTOS = YES_AGGRESSIVE;
				GCC_WARN_UNUSED_FUNCTION = YES;
				GCC_WARN_UNUSED_VARIABLE = YES;
				IPHONEOS_DEPLOYMENT_TARGET = 10.3;
				MTL_ENABLE_DEBUG_INFO = YES;
				ONLY_ACTIVE_ARCH = YES;
				SDKROOT = iphoneos;
			};
			name = Debug;
		};
		12B7FCAA1F22FB7E0094D464 /* Release */ = {
			isa = XCBuildConfiguration;
			buildSettings = {
				ALWAYS_SEARCH_USER_PATHS = NO;
				CLANG_ANALYZER_NONNULL = YES;
				CLANG_ANALYZER_NUMBER_OBJECT_CONVERSION = YES_AGGRESSIVE;
				CLANG_CXX_LANGUAGE_STANDARD = "gnu++0x";
				CLANG_CXX_LIBRARY = "libc++";
				CLANG_ENABLE_MODULES = YES;
				CLANG_ENABLE_OBJC_ARC = YES;
				CLANG_WARN_BOOL_CONVERSION = YES;
				CLANG_WARN_CONSTANT_CONVERSION = YES;
				CLANG_WARN_DIRECT_OBJC_ISA_USAGE = YES_ERROR;
				CLANG_WARN_DOCUMENTATION_COMMENTS = YES;
				CLANG_WARN_EMPTY_BODY = YES;
				CLANG_WARN_ENUM_CONVERSION = YES;
				CLANG_WARN_INFINITE_RECURSION = YES;
				CLANG_WARN_INT_CONVERSION = YES;
				CLANG_WARN_OBJC_ROOT_CLASS = YES_ERROR;
				CLANG_WARN_SUSPICIOUS_MOVE = YES;
				CLANG_WARN_UNREACHABLE_CODE = YES;
				CLANG_WARN__DUPLICATE_METHOD_MATCH = YES;
				"CODE_SIGN_IDENTITY[sdk=iphoneos*]" = "iPhone Developer";
				COPY_PHASE_STRIP = NO;
				DEBUG_INFORMATION_FORMAT = "dwarf-with-dsym";
				ENABLE_NS_ASSERTIONS = NO;
				ENABLE_STRICT_OBJC_MSGSEND = YES;
				GCC_C_LANGUAGE_STANDARD = gnu99;
				GCC_NO_COMMON_BLOCKS = YES;
				GCC_WARN_64_TO_32_BIT_CONVERSION = YES;
				GCC_WARN_ABOUT_RETURN_TYPE = YES_ERROR;
				GCC_WARN_UNDECLARED_SELECTOR = YES;
				GCC_WARN_UNINITIALIZED_AUTOS = YES_AGGRESSIVE;
				GCC_WARN_UNUSED_FUNCTION = YES;
				GCC_WARN_UNUSED_VARIABLE = YES;
				IPHONEOS_DEPLOYMENT_TARGET = 10.3;
				MTL_ENABLE_DEBUG_INFO = NO;
				SDKROOT = iphoneos;
				VALIDATE_PRODUCT = YES;
			};
			name = Release;
		};
		12B7FCAC1F22FB7E0094D464 /* Debug */ = {
			isa = XCBuildConfiguration;
			baseConfigurationReference = CDF3F6A1A9605C3F118FB03C /* Pods-UIViewLoadingEffect.debug.xcconfig */;
			buildSettings = {
				ASSETCATALOG_COMPILER_APPICON_NAME = AppIcon;
				DEVELOPMENT_TEAM = 5SU5K229BA;
				INFOPLIST_FILE = UIViewLoadingEffect/Info.plist;
				LD_RUNPATH_SEARCH_PATHS = "$(inherited) @executable_path/Frameworks";
				PRODUCT_BUNDLE_IDENTIFIER = mytest.UIViewLoadingEffect;
				PRODUCT_NAME = "$(TARGET_NAME)";
			};
			name = Debug;
		};
		12B7FCAD1F22FB7E0094D464 /* Release */ = {
			isa = XCBuildConfiguration;
			baseConfigurationReference = 7FE13ADFFB0959122FA7DD75 /* Pods-UIViewLoadingEffect.release.xcconfig */;
			buildSettings = {
				ASSETCATALOG_COMPILER_APPICON_NAME = AppIcon;
				DEVELOPMENT_TEAM = 5SU5K229BA;
				INFOPLIST_FILE = UIViewLoadingEffect/Info.plist;
				LD_RUNPATH_SEARCH_PATHS = "$(inherited) @executable_path/Frameworks";
				PRODUCT_BUNDLE_IDENTIFIER = mytest.UIViewLoadingEffect;
				PRODUCT_NAME = "$(TARGET_NAME)";
			};
			name = Release;
		};
/* End XCBuildConfiguration section */

/* Begin XCConfigurationList section */
		12B7FC8F1F22FB7E0094D464 /* Build configuration list for PBXProject "UIViewLoadingEffect" */ = {
			isa = XCConfigurationList;
			buildConfigurations = (
				12B7FCA91F22FB7E0094D464 /* Debug */,
				12B7FCAA1F22FB7E0094D464 /* Release */,
			);
			defaultConfigurationIsVisible = 0;
			defaultConfigurationName = Release;
		};
		12B7FCAB1F22FB7E0094D464 /* Build configuration list for PBXNativeTarget "UIViewLoadingEffect" */ = {
			isa = XCConfigurationList;
			buildConfigurations = (
				12B7FCAC1F22FB7E0094D464 /* Debug */,
				12B7FCAD1F22FB7E0094D464 /* Release */,
			);
			defaultConfigurationIsVisible = 0;
			defaultConfigurationName = Release;
		};
/* End XCConfigurationList section */
	};
	rootObject = 12B7FC8C1F22FB7E0094D464 /* Project object */;
}
